
Microsoft Visual Studio Solution File, Format Version 12.00
# Visual Studio Version 17
VisualStudioVersion = 17.2.32616.157
MinimumVisualStudioVersion = 10.0.40219.1
Project("{FAE04EC0-301F-11D3-BF4B-00C04F79EFBC}") = "ООО Юверлир", "ООО Юверлир\ООО Юверлир.csproj", "{2A965ECE-239E-4CEA-B0D5-D81EC0DF33AA}"
EndProject
Global
	GlobalSection(SolutionConfigurationPlatforms) = preSolution
		Debug|Any CPU = Debug|Any CPU
		Release|Any CPU = Release|Any CPU
	EndGlobalSection
	GlobalSection(ProjectConfigurationPlatforms) = postSolution
		{2A965ECE-239E-4CEA-B0D5-D81EC0DF33AA}.Debug|Any CPU.ActiveCfg = Debug|Any CPU
		{2A965ECE-239E-4CEA-B0D5-D81EC0DF33AA}.Debug|Any CPU.Build.0 = Debug|Any CPU
		{2A965ECE-239E-4CEA-B0D5-D81EC0DF33AA}.Release|Any CPU.ActiveCfg = Release|Any CPU
		{2A965ECE-239E-4CEA-B0D5-D81EC0DF33AA}.Release|Any CPU.Build.0 = Release|Any CPU
	EndGlobalSection
	GlobalSection(SolutionProperties) = preSolution
		HideSolutionNode = FALSE
	EndGlobalSection
	GlobalSection(ExtensibilityGlobals) = postSolution
		SolutionGuid = {1413C7CD-B179-4A07-9298-903D1DE6D1E0}
	EndGlobalSection
EndGlobal
